
Microsoft Visual Studio Solution File, Format Version 11.00
# Visual Studio 2010
Project("{FAE04EC0-301F-11D3-BF4B-00C04F79EFBC}") = "HilbertTransform", "HilbertTransform\HilbertTransform.csproj", "{1CCC9EAD-C690-4E4D-AC39-5248BA74CFF6}"
EndProject
Global
	GlobalSection(SolutionConfigurationPlatforms) = preSolution
		Debug|Any CPU = Debug|Any CPU
		Release|Any CPU = Release|Any CPU
	EndGlobalSection
	GlobalSection(ProjectConfigurationPlatforms) = postSolution
		{1CCC9EAD-C690-4E4D-AC39-5248BA74CFF6}.Debug|Any CPU.ActiveCfg = Debug|Any CPU
		{1CCC9EAD-C690-4E4D-AC39-5248BA74CFF6}.Debug|Any CPU.Build.0 = Debug|Any CPU
		{1CCC9EAD-C690-4E4D-AC39-5248BA74CFF6}.Release|Any CPU.ActiveCfg = Release|Any CPU
		{1CCC9EAD-C690-4E4D-AC39-5248BA74CFF6}.Release|Any CPU.Build.0 = Release|Any CPU
	EndGlobalSection
	GlobalSection(SolutionProperties) = preSolution
		HideSolutionNode = FALSE
	EndGlobalSection
EndGlobal
